
Microsoft Visual Studio Solution File, Format Version 12.00
# Visual Studio Version 17
VisualStudioVersion = 17.4.33103.184
MinimumVisualStudioVersion = 10.0.40219.1
Project("{8BC9CEB8-8B4A-11D0-8D11-00A0C91BC942}") = "Summing Column of 2D Array", "Summing Column of 2D Array\Summing Column of 2D Array.vcxproj", "{208C2A4D-CC36-41C5-ADB9-446754D59EA8}"
EndProject
Global
	GlobalSection(SolutionConfigurationPlatforms) = preSolution
		Debug|x64 = Debug|x64
		Debug|x86 = Debug|x86
		Release|x64 = Release|x64
		Release|x86 = Release|x86
	EndGlobalSection
	GlobalSection(ProjectConfigurationPlatforms) = postSolution
		{208C2A4D-CC36-41C5-ADB9-446754D59EA8}.Debug|x64.ActiveCfg = Debug|x64
		{208C2A4D-CC36-41C5-ADB9-446754D59EA8}.Debug|x64.Build.0 = Debug|x64
		{208C2A4D-CC36-41C5-ADB9-446754D59EA8}.Debug|x86.ActiveCfg = Debug|Win32
		{208C2A4D-CC36-41C5-ADB9-446754D59EA8}.Debug|x86.Build.0 = Debug|Win32
		{208C2A4D-CC36-41C5-ADB9-446754D59EA8}.Release|x64.ActiveCfg = Release|x64
		{208C2A4D-CC36-41C5-ADB9-446754D59EA8}.Release|x64.Build.0 = Release|x64
		{208C2A4D-CC36-41C5-ADB9-446754D59EA8}.Release|x86.ActiveCfg = Release|Win32
		{208C2A4D-CC36-41C5-ADB9-446754D59EA8}.Release|x86.Build.0 = Release|Win32
	EndGlobalSection
	GlobalSection(SolutionProperties) = preSolution
		HideSolutionNode = FALSE
	EndGlobalSection
	GlobalSection(ExtensibilityGlobals) = postSolution
		SolutionGuid = {42235681-BDB1-4E14-9623-63226360DCE1}
	EndGlobalSection
EndGlobal
