
Microsoft Visual Studio Solution File, Format Version 12.00
# Visual Studio Version 17
VisualStudioVersion = 17.3.32929.385
MinimumVisualStudioVersion = 10.0.40219.1
Project("{8BC9CEB8-8B4A-11D0-8D11-00A0C91BC942}") = "Calendar", "Calendar\Calendar.vcxproj", "{69FC7C1E-80C7-4754-BCB1-D6319B7BFDF7}"
EndProject
Global
	GlobalSection(SolutionConfigurationPlatforms) = preSolution
		Debug|x64 = Debug|x64
		Debug|x86 = Debug|x86
		Release|x64 = Release|x64
		Release|x86 = Release|x86
	EndGlobalSection
	GlobalSection(ProjectConfigurationPlatforms) = postSolution
		{69FC7C1E-80C7-4754-BCB1-D6319B7BFDF7}.Debug|x64.ActiveCfg = Debug|x64
		{69FC7C1E-80C7-4754-BCB1-D6319B7BFDF7}.Debug|x64.Build.0 = Debug|x64
		{69FC7C1E-80C7-4754-BCB1-D6319B7BFDF7}.Debug|x86.ActiveCfg = Debug|Win32
		{69FC7C1E-80C7-4754-BCB1-D6319B7BFDF7}.Debug|x86.Build.0 = Debug|Win32
		{69FC7C1E-80C7-4754-BCB1-D6319B7BFDF7}.Release|x64.ActiveCfg = Release|x64
		{69FC7C1E-80C7-4754-BCB1-D6319B7BFDF7}.Release|x64.Build.0 = Release|x64
		{69FC7C1E-80C7-4754-BCB1-D6319B7BFDF7}.Release|x86.ActiveCfg = Release|Win32
		{69FC7C1E-80C7-4754-BCB1-D6319B7BFDF7}.Release|x86.Build.0 = Release|Win32
	EndGlobalSection
	GlobalSection(SolutionProperties) = preSolution
		HideSolutionNode = FALSE
	EndGlobalSection
	GlobalSection(ExtensibilityGlobals) = postSolution
		SolutionGuid = {465ACBDC-023C-459D-A5B4-14EE99630BCC}
	EndGlobalSection
EndGlobal
