
Microsoft Visual Studio Solution File, Format Version 12.00
# Visual Studio Version 17
VisualStudioVersion = 17.4.33103.184
MinimumVisualStudioVersion = 10.0.40219.1
Project("{8BC9CEB8-8B4A-11D0-8D11-00A0C91BC942}") = "Sorter Arrays Merged", "Sorter Arrays Merged\Sorter Arrays Merged.vcxproj", "{3AD11883-6D7B-4215-A820-E2FFE02B519B}"
EndProject
Global
	GlobalSection(SolutionConfigurationPlatforms) = preSolution
		Debug|x64 = Debug|x64
		Debug|x86 = Debug|x86
		Release|x64 = Release|x64
		Release|x86 = Release|x86
	EndGlobalSection
	GlobalSection(ProjectConfigurationPlatforms) = postSolution
		{3AD11883-6D7B-4215-A820-E2FFE02B519B}.Debug|x64.ActiveCfg = Debug|x64
		{3AD11883-6D7B-4215-A820-E2FFE02B519B}.Debug|x64.Build.0 = Debug|x64
		{3AD11883-6D7B-4215-A820-E2FFE02B519B}.Debug|x86.ActiveCfg = Debug|Win32
		{3AD11883-6D7B-4215-A820-E2FFE02B519B}.Debug|x86.Build.0 = Debug|Win32
		{3AD11883-6D7B-4215-A820-E2FFE02B519B}.Release|x64.ActiveCfg = Release|x64
		{3AD11883-6D7B-4215-A820-E2FFE02B519B}.Release|x64.Build.0 = Release|x64
		{3AD11883-6D7B-4215-A820-E2FFE02B519B}.Release|x86.ActiveCfg = Release|Win32
		{3AD11883-6D7B-4215-A820-E2FFE02B519B}.Release|x86.Build.0 = Release|Win32
	EndGlobalSection
	GlobalSection(SolutionProperties) = preSolution
		HideSolutionNode = FALSE
	EndGlobalSection
	GlobalSection(ExtensibilityGlobals) = postSolution
		SolutionGuid = {385F1907-9B40-4D6A-B7A9-4698C3AD9EF8}
	EndGlobalSection
EndGlobal
